#MicroXplorer Configuration settings - do not modify
Dma.USART6_TX.3.MemInc=DMA_MINC_ENABLE
Dma.USART6_TX.3.PeriphInc=DMA_PINC_DISABLE
PE11.GPIOParameters=GPIO_Label
SPI1.VirtualType=VM_MASTER
TIM1.IPParameters=Channel-PWM Generation1 CH1,Channel-PWM Generation2 CH2,Prescaler,Period,Pulse-PWM Generation1 CH1,Pulse-PWM Generation2 CH2
PG4.Signal=GPIO_Output
PG8.Signal=GPIO_Output
PG8.Locked=true
PG4.Locked=true
RCC.PLLCLKFreq_Value=168000000
PG6.GPIO_Label=BOARD_LED_C
RCC.PLLQCLKFreq_Value=84000000
PG3.GPIOParameters=GPIO_Label
RCC.RTCFreq_Value=32000
PA6.GPIO_Label=OLED_Analog
PB6.GPIO_Label=ReceiverRC_TX
PD0.Locked=true
PG14.GPIOParameters=GPIO_Label
SH.S_TIM1_CH1.ConfNb=1
USART1.IPParameters=VirtualMode,BaudRate,Parity,Mode
PG2.GPIOParameters=GPIO_Label
PinOutPanel.RotationAngle=0
RCC.SYSCLKSource=RCC_SYSCLKSOURCE_PLLCLK
Dma.UART7_RX.5.PeriphDataAlignment=DMA_PDATAALIGN_BYTE
NVIC.SVCall_IRQn=true\:0\:0\:false\:false\:true\:false\:false
Dma.UART7_TX.6.Direction=DMA_MEMORY_TO_PERIPH
PH5.Signal=GPIO_Output
NVIC.CAN1_TX_IRQn=true\:0\:0\:false\:false\:true\:true\:true
SPI1.Direction=SPI_DIRECTION_1LINE
RCC.APB2TimFreq_Value=168000000
PB6.Signal=USART1_TX
PB6.Mode=Asynchronous
PH1/OSC_OUT.Signal=RCC_OSC_OUT
SPI1.CalculateBaudRate=1.3125 MBits/s
PD0.Signal=CAN1_RX
Dma.UART8_TX.4.Priority=DMA_PRIORITY_LOW
PE1.Signal=UART8_TX
ProjectManager.ProjectBuild=false
NVIC.UsageFault_IRQn=true\:0\:0\:false\:false\:true\:false\:false
PB3.Mode=Simplex_Bidirectional_Master
PD1.GPIOParameters=GPIO_Label
PD1.GPIO_Label=CAN1_TX
PG14.Mode=Asynchronous
PG1.GPIOParameters=GPIO_Label
ProjectManager.FirmwarePackage=STM32Cube FW_F4 V1.25.2
MxDb.Version=DB.6.0.10
PE0.GPIOParameters=GPIO_Label
ProjectManager.BackupPrevious=false
SH.S_TIM12_CH1.0=TIM12_CH1,PWM Generation1 CH1
TIM1.Channel-PWM\ Generation1\ CH1=TIM_CHANNEL_1
PG4.GPIO_Label=BOARD_LED_E
PA8.Signal=S_TIM1_CH1
PE1.Locked=true
NVIC.PendSV_IRQn=true\:0\:0\:false\:false\:true\:false\:false
ProjectManager.HalAssertFull=false
ADC1.SamplingTime-0\#ChannelRegularConversion=ADC_SAMPLETIME_3CYCLES
RCC.MCO2PinFreq_Value=168000000
CAN1.Prescaler=3
PB9.Signal=GPIO_Output
Mcu.Package=UFBGA176
PG5.GPIOParameters=GPIO_Label
VP_SYS_VS_Systick.Signal=SYS_VS_Systick
Dma.USART1_RX.0.RequestParameters=Instance,Direction,PeriphInc,MemInc,PeriphDataAlignment,MemDataAlignment,Mode,Priority,FIFOMode
Dma.UART8_TX.4.MemInc=DMA_MINC_ENABLE
PH2.Signal=GPIO_Output
RCC.APB2CLKDivider=RCC_HCLK_DIV2
NVIC.DMA2_Stream2_IRQn=true\:0\:0\:false\:false\:true\:false\:true
PF14.Signal=GPIO_Output
RCC.APB1TimFreq_Value=84000000
NVIC.BusFault_IRQn=true\:0\:0\:false\:false\:true\:false\:false
TIM1.Period=9999
PB10.GPIOParameters=GPIO_Label
NVIC.USART1_IRQn=true\:0\:0\:false\:false\:true\:true\:true
CAN1.CalculateTimeBit=1071.42
ProjectManager.CustomerFirmwarePackage=
RCC.SAI_AClocksFreq_Value=24500000
Dma.UART7_RX.5.PeriphInc=DMA_PINC_DISABLE
CAN1.CalculateTimeQuantum=71.42857142857143
Dma.UART7_RX.5.MemDataAlignment=DMA_MDATAALIGN_BYTE
PA6.GPIOParameters=GPIO_Label
ProjectManager.ProjectFileName=RobotMaster_allRobots.ioc
NVIC.UART8_IRQn=true\:0\:0\:false\:false\:true\:true\:true
ADC1.Rank-0\#ChannelRegularConversion=1
Mcu.PinsNb=37
Dma.UART7_TX.6.PeriphInc=DMA_PINC_DISABLE
SH.ADCx_IN6.0=ADC1_IN6,IN6
ADC1.IPParameters=Rank-0\#ChannelRegularConversion,master,Channel-0\#ChannelRegularConversion,SamplingTime-0\#ChannelRegularConversion,NbrOfConversionFlag
PG5.Locked=true
Dma.USART1_TX.1.RequestParameters=Instance,Direction,PeriphInc,MemInc,PeriphDataAlignment,MemDataAlignment,Mode,Priority,FIFOMode
PG5.Signal=GPIO_Output
PG9.Signal=USART6_RX
PG3.Locked=true
CAN1.IPParameters=CalculateTimeQuantum,Prescaler,BS1,BS2,ABOM,CalculateTimeBit,CalculateBaudRate
PE1.Mode=Asynchronous
CAN1.CalculateBaudRate=933333
PG9.Mode=Asynchronous
PD1.Signal=CAN1_TX
RCC.VCOSAIOutputFreq_ValueQ=24500000
PF14.GPIO_Label=BOARD_LED_GREEN
NVIC.DMA2_Stream1_IRQn=true\:0\:0\:false\:false\:true\:false\:true
RCC.APB1CLKDivider=RCC_HCLK_DIV4
UART8.VirtualMode=Asynchronous
Dma.UART8_TX.4.Direction=DMA_MEMORY_TO_PERIPH
PE8.Mode=Asynchronous
Dma.UART7_RX.5.Instance=DMA1_Stream3
Dma.USART6_RX.2.RequestParameters=Instance,Direction,PeriphInc,MemInc,PeriphDataAlignment,MemDataAlignment,Mode,Priority,FIFOMode
PH4.Locked=true
Dma.USART1_RX.0.Direction=DMA_PERIPH_TO_MEMORY
PE8.GPIO_Label=JETSON_TX
PA9.Signal=S_TIM1_CH2
Dma.UART7_RX.5.FIFOMode=DMA_FIFOMODE_DISABLE
TIM1.Channel-PWM\ Generation2\ CH2=TIM_CHANNEL_2
PB9.Locked=true
Dma.UART7_TX.6.MemInc=DMA_MINC_ENABLE
NVIC.DMA2_Stream6_IRQn=true\:0\:0\:false\:false\:true\:false\:true
Dma.USART1_RX.0.PeriphInc=DMA_PINC_DISABLE
PB10.Signal=GPIO_Output
TIM12.Prescaler=15555
PG6.GPIOParameters=GPIO_Label
Dma.USART6_TX.3.Direction=DMA_MEMORY_TO_PERIPH
Dma.USART1_TX.1.MemDataAlignment=DMA_MDATAALIGN_BYTE
PE1.GPIO_Label=DEBUG_TX
ProjectManager.LastFirmware=true
PD1.Mode=CAN_Activate
Dma.UART8_TX.4.PeriphInc=DMA_PINC_DISABLE
SH.S_TIM12_CH1.ConfNb=1
USART1.Mode=MODE_TX_RX
Mcu.Pin35=PB10
PE8.Signal=UART7_TX
Mcu.Pin36=VP_SYS_VS_Systick
SPI1.Mode=SPI_MODE_MASTER
PG7.GPIO_Label=BOARD_LED_B
Dma.UART8_TX.4.FIFOMode=DMA_FIFOMODE_DISABLE
Mcu.Pin30=PE8
RCC.EthernetFreq_Value=168000000
Mcu.Pin33=PF14
Dma.UART7_RX.5.RequestParameters=Instance,Direction,PeriphInc,MemInc,PeriphDataAlignment,MemDataAlignment,Mode,Priority,FIFOMode
Mcu.Pin34=PE7
Mcu.Pin31=PE11
Mcu.Pin32=PA7
NVIC.NonMaskableInt_IRQn=true\:0\:0\:false\:false\:true\:false\:false
PE7.Locked=true
PA13.Mode=Serial_Wire
PG14.GPIO_Label=RefereeSystem_Tx
ProjectManager.FreePins=false
Mcu.Pin26=PG2
Mcu.Pin27=PG1
RCC.RTCHSEDivFreq_Value=6000000
Mcu.Pin24=PG4
ProjectManager.UnderRoot=false
Mcu.Pin25=PG3
Mcu.Pin28=PH6
Mcu.Pin29=PA6
Mcu.Pin22=PG6
Mcu.Pin23=PG5
Mcu.Pin20=PH5
ADC1.master=1
Mcu.Pin21=PG7
NVIC.ForceEnableDMAVector=true
Dma.USART1_TX.1.Mode=DMA_NORMAL
NVIC.MemoryManagement_IRQn=true\:0\:0\:false\:false\:true\:false\:false
USART1.VirtualMode=VM_ASYNC
ProjectManager.CompilerOptimize=6
Dma.UART8_TX.4.Instance=DMA1_Stream0
ProjectManager.HeapSize=0x200
Mcu.Pin15=PH0/OSC_IN
Dma.UART7_TX.6.MemDataAlignment=DMA_MDATAALIGN_BYTE
NVIC.HardFault_IRQn=true\:0\:0\:false\:false\:true\:false\:false
Mcu.Pin16=PH3
PH5.Locked=true
Mcu.Pin13=PH2
UART7.IPParameters=VirtualMode,BaudRate
PH6.Signal=S_TIM12_CH1
Mcu.Pin14=PA8
Mcu.Pin19=PG8
UART7.BaudRate=230400
ProjectManager.ComputerToolchain=false
Mcu.Pin17=PH1/OSC_OUT
Mcu.Pin18=PH4
NVIC.PriorityGroup=NVIC_PRIORITYGROUP_4
Mcu.Pin11=PD1
Mcu.Pin12=PA9
PD0.GPIOParameters=GPIO_Label
Mcu.Pin10=PG9
PG3.GPIO_Label=BOARD_LED_F
Dma.USART6_RX.2.PeriphInc=DMA_PINC_DISABLE
PD1.Locked=true
PA7.GPIOParameters=GPIO_Label
TIM12.IPParameters=Channel-PWM Generation1 CH1,Pulse-PWM Generation1 CH1,Prescaler
PH2.GPIO_Label=BOARD_POWER1_CTRL
PG7.GPIOParameters=GPIO_Label
NVIC.CAN1_RX0_IRQn=true\:0\:0\:false\:false\:true\:true\:true
Mcu.Family=STM32F4
ProjectManager.MainLocation=Src
RCC.CortexFreq_Value=168000000
PG6.Signal=GPIO_Output
PG9.GPIOParameters=GPIO_Label
ProjectManager.KeepUserCode=true
Mcu.UserName=STM32F427IIHx
Dma.USART1_TX.1.MemInc=DMA_MINC_ENABLE
UART8.IPParameters=VirtualMode
PG2.Signal=GPIO_Output
PE11.GPIO_Label=BOARD_LED_RED
USART1.BaudRate=100000
Dma.USART6_RX.2.Direction=DMA_PERIPH_TO_MEMORY
PG6.Locked=true
PG2.Locked=true
ProjectManager.functionlistsort=1-MX_GPIO_Init-GPIO-false-HAL-true,2-MX_DMA_Init-DMA-false-HAL-true,3-SystemClock_Config-RCC-false-HAL-false,4-MX_ADC1_Init-ADC1-false-HAL-true,5-MX_SPI1_Init-SPI1-false-HAL-true,6-MX_USART1_UART_Init-USART1-false-HAL-true,7-MX_USART6_UART_Init-USART6-false-HAL-true,8-MX_CAN1_Init-CAN1-false-HAL-true,9-MX_UART8_Init-UART8-false-HAL-true,10-MX_TIM1_Init-TIM1-false-HAL-true,11-MX_UART7_Init-UART7-false-HAL-true
PD0.GPIO_Label=CAN1_RX
TIM1.Pulse-PWM\ Generation1\ CH1=1000
PH5.GPIO_Label=BOARD_POWER4_CTRL
PG5.GPIO_Label=BOARD_LED_D
Dma.UART7_TX.6.Instance=DMA1_Stream1
Dma.USART6_RX.2.MemDataAlignment=DMA_MDATAALIGN_BYTE
PH5.GPIOParameters=GPIO_Label
ProjectManager.StackSize=0x400
Dma.USART6_TX.3.PeriphDataAlignment=DMA_PDATAALIGN_BYTE
RCC.SAI_BClocksFreq_Value=24500000
Mcu.IP4=RCC
RCC.FCLKCortexFreq_Value=168000000
Mcu.IP5=SPI1
Mcu.IP2=DMA
Mcu.IP3=NVIC
Mcu.IP0=ADC1
Mcu.IP1=CAN1
PH4.GPIOParameters=GPIO_Label
TIM1.Prescaler=167
Mcu.UserConstants=
PH3.Locked=true
Dma.USART6_TX.3.Priority=DMA_PRIORITY_LOW
Mcu.ThirdPartyNb=0
PH0/OSC_IN.Mode=HSE-External-Oscillator
RCC.HCLKFreq_Value=168000000
Mcu.IPNb=13
RCC.I2SClocksFreq_Value=192000000
ProjectManager.PreviousToolchain=
RCC.VcooutputI2S=192000000
PG8.GPIOParameters=GPIO_Label
Dma.USART6_RX.2.Instance=DMA2_Stream1
Mcu.Pin6=PB9
Mcu.Pin7=PB7
Mcu.Pin8=PB6
Mcu.Pin9=PD0
RCC.VCOSAIOutputFreq_Value=98000000
Dma.UART7_RX.5.MemInc=DMA_MINC_ENABLE
RCC.AHBFreq_Value=168000000
Dma.USART1_RX.0.Priority=DMA_PRIORITY_LOW
Mcu.Pin0=PE1
Mcu.Pin1=PE0
GPIO.groupedBy=Group By Peripherals
Mcu.Pin2=PG14
Mcu.Pin3=PB3
Mcu.Pin4=PA14
Mcu.Pin5=PA13
ADC1.Channel-0\#ChannelRegularConversion=ADC_CHANNEL_6
RCC.HSE_VALUE=12000000
NVIC.DebugMonitor_IRQn=true\:0\:0\:false\:false\:true\:false\:false
Mcu.IP10=UART8
NVIC.SysTick_IRQn=true\:0\:0\:false\:false\:true\:false\:true
Mcu.IP12=USART6
Mcu.IP11=USART1
Dma.USART6_RX.2.Priority=DMA_PRIORITY_LOW
RCC.VCOInputFreq_Value=2000000
PA14.Mode=Serial_Wire
PE8.Locked=true
File.Version=6
PB3.GPIOParameters=GPIO_Label
PH3.GPIOParameters=GPIO_Label
PB7.Signal=USART1_RX
SH.ADCx_IN6.ConfNb=1
Dma.USART1_RX.0.MemInc=DMA_MINC_ENABLE
PH1/OSC_OUT.Mode=HSE-External-Oscillator
Dma.RequestsNb=7
PB6.GPIOParameters=GPIO_Label
Dma.USART1_TX.1.PeriphDataAlignment=DMA_PDATAALIGN_BYTE
ProjectManager.ProjectName=RobotMaster_allRobots
Dma.UART7_TX.6.Priority=DMA_PRIORITY_LOW
Dma.UART7_TX.6.Mode=DMA_NORMAL
PB7.GPIO_Label=ReceiverRC_RX
PA6.Signal=ADCx_IN6
NVIC.DMA2_Stream7_IRQn=true\:0\:0\:false\:false\:true\:false\:true
PA7.Locked=true
TIM1.Pulse-PWM\ Generation2\ CH2=1000
USART6.VirtualMode=VM_ASYNC
ProjectManager.ToolChainLocation=
RCC.LSI_VALUE=32000
Dma.UART7_TX.6.FIFOMode=DMA_FIFOMODE_DISABLE
PE0.GPIO_Label=DEBUG_RX
Dma.UART8_TX.4.PeriphDataAlignment=DMA_PDATAALIGN_BYTE
PH3.GPIO_Label=BOARD_POWER2_CTRL
Dma.USART1_RX.0.FIFOMode=DMA_FIFOMODE_DISABLE
Dma.USART6_TX.3.MemDataAlignment=DMA_MDATAALIGN_BYTE
Dma.Request2=USART6_RX
Dma.Request1=USART1_TX
Dma.Request4=UART8_TX
Dma.Request3=USART6_TX
Dma.Request6=UART7_TX
Dma.USART1_RX.0.Mode=DMA_CIRCULAR
Dma.Request5=UART7_RX
Dma.USART1_TX.1.Priority=DMA_PRIORITY_LOW
NVIC.DMA1_Stream0_IRQn=true\:0\:0\:false\:false\:true\:false\:true
PE7.Signal=UART7_RX
Dma.Request0=USART1_RX
SPI1.BaudRatePrescaler=SPI_BAUDRATEPRESCALER_64
Dma.USART1_RX.0.Instance=DMA2_Stream2
PB3.Locked=true
PG2.GPIO_Label=BOARD_LED_G
Dma.USART1_TX.1.Direction=DMA_MEMORY_TO_PERIPH
PB3.GPIO_Label=OLED_SCK
RCC.PLLSourceVirtual=RCC_PLLSOURCE_HSE
Dma.USART1_TX.1.Instance=DMA2_Stream7
PE8.GPIOParameters=GPIO_Label
PG7.Locked=true
PG7.Signal=GPIO_Output
PA7.Mode=Simplex_Bidirectional_Master
Dma.USART1_RX.0.PeriphDataAlignment=DMA_PDATAALIGN_BYTE
PB9.GPIO_Label=OLED_DC
ProjectManager.NoMain=false
SPI1.IPParameters=VirtualType,Mode,Direction,CalculateBaudRate,BaudRatePrescaler
PG3.Signal=GPIO_Output
USART6.IPParameters=VirtualMode
PG1.Signal=GPIO_Output
PG1.Locked=true
Dma.UART7_RX.5.Priority=DMA_PRIORITY_LOW
ProjectManager.DefaultFWLocation=true
NVIC.DMA1_Stream1_IRQn=true\:0\:0\:false\:false\:true\:false\:true
ProjectManager.DeletePrevious=true
UART7.VirtualMode=Asynchronous
PB10.Locked=true
Dma.USART6_TX.3.Mode=DMA_NORMAL
PinOutPanel.CurrentBGAView=Top
RCC.FamilyName=M
TIM12.Pulse-PWM\ Generation1\ CH1=1000
NVIC.USART6_IRQn=true\:0\:0\:false\:false\:true\:true\:true
PB9.GPIOParameters=GPIO_Label
PG8.GPIO_Label=BOARD_LED_A
PA13.Signal=SYS_JTMS-SWDIO
Dma.UART7_RX.5.Mode=DMA_CIRCULAR
SH.S_TIM1_CH1.0=TIM1_CH1,PWM Generation1 CH1
PH4.Signal=GPIO_Output
CAN1.BS2=CAN_BS2_4TQ
CAN1.BS1=CAN_BS1_10TQ
ProjectManager.TargetToolchain=MDK-ARM V5.27
PB10.GPIO_Label=OLED_RST
PE7.GPIOParameters=GPIO_Label
Dma.USART6_RX.2.MemInc=DMA_MINC_ENABLE
PB7.GPIOParameters=GPIO_Label
USART1.Parity=PARITY_EVEN
RCC.VcooutputI2SQ=192000000
Dma.USART6_RX.2.PeriphDataAlignment=DMA_PDATAALIGN_BYTE
ProjectManager.RegisterCallBack=
PE0.Locked=true
Dma.USART1_TX.1.FIFOMode=DMA_FIFOMODE_DISABLE
PH2.GPIOParameters=GPIO_Label
PE11.Signal=GPIO_Output
RCC.LSE_VALUE=32768
SH.S_TIM1_CH2.ConfNb=1
CAN1.ABOM=ENABLE
RCC.VCOI2SOutputFreq_Value=384000000
PG9.GPIO_Label=RefereeSystem_Rx
PG14.Signal=USART6_TX
board=custom
RCC.VCOOutputFreq_Value=336000000
PG1.GPIO_Label=BOARD_LED_H
PF14.GPIOParameters=GPIO_Label
Dma.USART6_TX.3.RequestParameters=Instance,Direction,PeriphInc,MemInc,PeriphDataAlignment,MemDataAlignment,Mode,Priority,FIFOMode
Dma.USART6_RX.2.FIFOMode=DMA_FIFOMODE_DISABLE
PH4.GPIO_Label=BOARD_POWER3_CTRL
Dma.USART6_RX.2.Mode=DMA_CIRCULAR
PH0/OSC_IN.Signal=RCC_OSC_IN
TIM12.Channel-PWM\ Generation1\ CH1=TIM_CHANNEL_1
RCC.APB2Freq_Value=84000000
MxCube.Version=6.1.1
PG4.GPIOParameters=GPIO_Label
SH.S_TIM1_CH2.0=TIM1_CH2,PWM Generation2 CH2
Dma.UART8_TX.4.RequestParameters=Instance,Direction,PeriphInc,MemInc,PeriphDataAlignment,MemDataAlignment,Mode,Priority,FIFOMode
VP_SYS_VS_Systick.Mode=SysTick
Dma.USART1_RX.0.MemDataAlignment=DMA_MDATAALIGN_BYTE
PF14.Locked=true
RCC.IPParameters=48MHZClocksFreq_Value,AHBFreq_Value,APB1CLKDivider,APB1Freq_Value,APB1TimFreq_Value,APB2CLKDivider,APB2Freq_Value,APB2TimFreq_Value,CortexFreq_Value,EthernetFreq_Value,FCLKCortexFreq_Value,FamilyName,HCLKFreq_Value,HSE_VALUE,HSI_VALUE,I2SClocksFreq_Value,LSE_VALUE,LSI_VALUE,MCO2PinFreq_Value,PLLCLKFreq_Value,PLLM,PLLN,PLLQCLKFreq_Value,PLLSourceVirtual,RTCFreq_Value,RTCHSEDivFreq_Value,SAI_AClocksFreq_Value,SAI_BClocksFreq_Value,SYSCLKFreq_VALUE,SYSCLKSource,VCOI2SOutputFreq_Value,VCOInputFreq_Value,VCOOutputFreq_Value,VCOSAIOutputFreq_Value,VCOSAIOutputFreq_ValueQ,VcooutputI2S,VcooutputI2SQ
PE11.Locked=true
ProjectManager.AskForMigrate=true
PE0.Signal=UART8_RX
Mcu.Name=STM32F427I(G-I)Hx
PD0.Mode=CAN_Activate
PE7.GPIO_Label=JETSON_RX
Mcu.IP8=TIM12
Mcu.IP9=UART7
Dma.UART8_TX.4.Mode=DMA_NORMAL
Mcu.IP6=SYS
Mcu.IP7=TIM1
ProjectManager.CoupleFile=true
RCC.48MHZClocksFreq_Value=84000000
PB3.Signal=SPI1_SCK
RCC.SYSCLKFreq_VALUE=168000000
PE7.Mode=Asynchronous
PA7.GPIO_Label=OLED_MOSI
KeepUserPlacement=false
Dma.UART8_TX.4.MemDataAlignment=DMA_MDATAALIGN_BYTE
PB7.Mode=Asynchronous
Dma.UART7_TX.6.RequestParameters=Instance,Direction,PeriphInc,MemInc,PeriphDataAlignment,MemDataAlignment,Mode,Priority,FIFOMode
PA14.Signal=SYS_JTCK-SWCLK
Dma.USART1_TX.1.PeriphInc=DMA_PINC_DISABLE
Dma.USART6_TX.3.FIFOMode=DMA_FIFOMODE_DISABLE
Dma.USART6_TX.3.Instance=DMA2_Stream6
RCC.HSI_VALUE=16000000
PH2.Locked=true
ADC1.NbrOfConversionFlag=1
PH3.Signal=GPIO_Output
Dma.UART7_TX.6.PeriphDataAlignment=DMA_PDATAALIGN_BYTE
RCC.PLLM=6
RCC.PLLN=168
NVIC.DMA1_Stream3_IRQn=true\:0\:0\:false\:false\:true\:false\:true
Dma.UART7_RX.5.Direction=DMA_PERIPH_TO_MEMORY
RCC.APB1Freq_Value=42000000
ProjectManager.DeviceId=STM32F427IIHx
PE0.Mode=Asynchronous
ProjectManager.LibraryCopy=1
PE1.GPIOParameters=GPIO_Label
PA7.Signal=SPI1_MOSI
NVIC.UART7_IRQn=true\:0\:0\:false\:false\:true\:true\:true
PA6.Locked=true
